github.com/syncthing/syncthing v1.29.4 h1:eUdr5tEGyh+eH8XSRG75scHFhtVj4c6XoaLjaiMqpmk=
github.com/syncthing/syncthing v1.29.4/go.mod h1:4uWzdBhnOb1g4lR0XNfAq0aDdYns4wr9BeR1RDbnzEk=
github.com/thejerf/suture/v4 v4.0.6 h1:QsuCEsCqb03xF9tPAsWAj8QOAJBgQI1c0VqJNaingg8=
github.com/thejerf/suture/v4 v4.0.6/go.mod h1:gu9Y4dXNUWFrByqRt30Rm9/UZ0wzRSt9AJS6xu/ZGxU=
golang.org/x/net v0.37.0 h1:1zLorHbz+LYj7MQlSf1+2tPIIgibq2eL5xkrGk6f+2c=
golang.org/x/net v0.37.0/go.mod h1:ivrbrMbzFq5J41QOQh0siUuly180yBYtLp+CKbEaFx8=
golang.org/x/sys v0.31.0 h1:ioabZlmFYtWhL+TRYpcnNlLwhyxaM9kWTDEmfnprqik=
golang.org/x/sys v0.31.0/go.mod h1:BJP2sWEmIv4KK5OTEluFJCKSidICx8ciO85XgH3Ak8k=
